
Microsoft Visual Studio Solution File, Format Version 12.00
# Visual Studio Version 17
VisualStudioVersion = 17.9.34723.18
MinimumVisualStudioVersion = 10.0.40219.1
Project("{FAE04EC0-301F-11D3-BF4B-00C04F79EFBC}") = "WpfAppVano", "WpfAppVano\WpfAppVano.csproj", "{E40E68FA-D4E2-43D4-8477-BCF5FFA5B5C1}"
EndProject
Global
	GlobalSection(SolutionConfigurationPlatforms) = preSolution
		Debug|Any CPU = Debug|Any CPU
		Release|Any CPU = Release|Any CPU
	EndGlobalSection
	GlobalSection(ProjectConfigurationPlatforms) = postSolution
		{E40E68FA-D4E2-43D4-8477-BCF5FFA5B5C1}.Debug|Any CPU.ActiveCfg = Debug|Any CPU
		{E40E68FA-D4E2-43D4-8477-BCF5FFA5B5C1}.Debug|Any CPU.Build.0 = Debug|Any CPU
		{E40E68FA-D4E2-43D4-8477-BCF5FFA5B5C1}.Release|Any CPU.ActiveCfg = Release|Any CPU
		{E40E68FA-D4E2-43D4-8477-BCF5FFA5B5C1}.Release|Any CPU.Build.0 = Release|Any CPU
	EndGlobalSection
	GlobalSection(SolutionProperties) = preSolution
		HideSolutionNode = FALSE
	EndGlobalSection
	GlobalSection(ExtensibilityGlobals) = postSolution
		SolutionGuid = {9B65473B-3C4C-4C7B-BDB9-08C4453B7939}
	EndGlobalSection
EndGlobal
